
Microsoft Visual Studio Solution File, Format Version 12.00
# Visual Studio Version 17
VisualStudioVersion = 17.8.34511.84
MinimumVisualStudioVersion = 10.0.40219.1
Project("{FAE04EC0-301F-11D3-BF4B-00C04F79EFBC}") = "CQRS", "CQRS.csproj", "{88EEA344-957A-45CC-AB49-ECF60D0CD18E}"
EndProject
Global
	GlobalSection(SolutionConfigurationPlatforms) = preSolution
		Debug|Any CPU = Debug|Any CPU
		Release|Any CPU = Release|Any CPU
	EndGlobalSection
	GlobalSection(ProjectConfigurationPlatforms) = postSolution
		{88EEA344-957A-45CC-AB49-ECF60D0CD18E}.Debug|Any CPU.ActiveCfg = Debug|Any CPU
		{88EEA344-957A-45CC-AB49-ECF60D0CD18E}.Debug|Any CPU.Build.0 = Debug|Any CPU
		{88EEA344-957A-45CC-AB49-ECF60D0CD18E}.Release|Any CPU.ActiveCfg = Release|Any CPU
		{88EEA344-957A-45CC-AB49-ECF60D0CD18E}.Release|Any CPU.Build.0 = Release|Any CPU
	EndGlobalSection
	GlobalSection(SolutionProperties) = preSolution
		HideSolutionNode = FALSE
	EndGlobalSection
	GlobalSection(ExtensibilityGlobals) = postSolution
		SolutionGuid = {88E9EABD-0807-472B-85A2-12B209C0B65C}
	EndGlobalSection
EndGlobal
